
Microsoft Visual Studio Solution File, Format Version 12.00
# Visual Studio Version 16
VisualStudioVersion = 16.0.28527.54
MinimumVisualStudioVersion = 10.0.40219.1
Project("{FAE04EC0-301F-11D3-BF4B-00C04F79EFBC}") = "HashCode2019", "HashCode2019\HashCode2019.csproj", "{9F237AD4-F284-484A-9F45-9DEF2A4F964A}"
EndProject
Global
	GlobalSection(SolutionConfigurationPlatforms) = preSolution
		Debug|Any CPU = Debug|Any CPU
		Release|Any CPU = Release|Any CPU
	EndGlobalSection
	GlobalSection(ProjectConfigurationPlatforms) = postSolution
		{9F237AD4-F284-484A-9F45-9DEF2A4F964A}.Debug|Any CPU.ActiveCfg = Debug|Any CPU
		{9F237AD4-F284-484A-9F45-9DEF2A4F964A}.Debug|Any CPU.Build.0 = Debug|Any CPU
		{9F237AD4-F284-484A-9F45-9DEF2A4F964A}.Release|Any CPU.ActiveCfg = Release|Any CPU
		{9F237AD4-F284-484A-9F45-9DEF2A4F964A}.Release|Any CPU.Build.0 = Release|Any CPU
	EndGlobalSection
	GlobalSection(SolutionProperties) = preSolution
		HideSolutionNode = FALSE
	EndGlobalSection
	GlobalSection(ExtensibilityGlobals) = postSolution
		SolutionGuid = {22DB239C-A9A4-4196-B99A-1F6799ECC4F3}
	EndGlobalSection
EndGlobal
